{
    "_meta": {
        "hash": {
            "sha256": "14036c3c9f103c52a0c5a53346ef33c2fbef409697f9eb314da51ccdd3aa9fb2"
        },
        "pipfile-spec": 6,
        "requires": {},
        "sources": [
            {
                "name": "pypi",
                "url": "https://pypi.org/simple",
                "verify_ssl": true
            }
        ]
    },
    "default": {
        "attrs": {
            "hashes": [
                "sha256:1f28b4522cdc2fb4256ac1a020c78acf9cba2c6b461ccd2c126f3aa8e8335d04",
                "sha256:6279836d581513a26f1bf235f9acd333bc9115683f14f7e8fae46c98fc50e015"
            ],
            "markers": "python_version >= '3.7'",
            "version": "==23.1.0"
        },
        "importlib-metadata": {
            "hashes": [
                "sha256:3ebb78df84a805d7698245025b975d9d67053cd94c79245ba4b3eb694abe68bb",
                "sha256:dbace7892d8c0c4ac1ad096662232f831d4e64f4c4545bd53016a3e9d4654743"
            ],
            "markers": "python_version < '3.10'",
            "version": "==6.8.0"
        },
        "importlib-resources": {
            "hashes": [
                "sha256:4cf94875a8368bd89531a756df9a9ebe1f150e0f885030b461237bc7f2d905f2",
                "sha256:d952faee11004c045f785bb5636e8f885bed30dc3c940d5d42798a2a4541c185"
            ],
            "index": "pypi",
            "version": "==6.0.0"
        },
        "jinja2": {
            "hashes": [
                "sha256:0137fb05990d35f1275a587e9aee6d56da821fc83491a0fb838183be43f66d6d",
                "sha256:85ece4451f492d0c13c5dd7c13a64681a86afae63a5f347908daf103ce6d2f67"
            ],
            "index": "pypi",
            "markers": "python_version >= '3.7'",
            "version": "==3.1.6"
        },
        "jsonschema": {
            "hashes": [
                "sha256:971be834317c22daaa9132340a51c01b50910724082c2c1a2ac87eeec153a3fe",
                "sha256:fb3642735399fa958c0d2aad7057901554596c63349f4f6b283c493cf692a25d"
            ],
            "index": "pypi",
            "version": "==4.18.4"
        },
        "jsonschema-specifications": {
            "hashes": [
                "sha256:05adf340b659828a004220a9613be00fa3f223f2b82002e273dee62fd50524b1",
                "sha256:c91a50404e88a1f6ba40636778e2ee08f6e24c5613fe4c53ac24578a5a7f72bb"
            ],
            "markers": "python_version >= '3.8'",
            "version": "==2023.7.1"
        },
        "lxml": {
            "hashes": [
                "sha256:016b96c58e9a4528219bb563acf1aaaa8bc5452e7651004894a973f03b84ba81",
                "sha256:05123fad495a429f123307ac6d8fd6f977b71e9a0b6d9aeeb8f80c017cb17131",
                "sha256:057e30d0012439bc54ca427a83d458752ccda725c1c161cc283db07bcad43cf9",
                "sha256:06a20d607a86fccab2fc15a77aa445f2bdef7b49ec0520a842c5c5afd8381576",
                "sha256:094b28ed8a8a072b9e9e2113a81fda668d2053f2ca9f2d202c2c8c7c2d6516b1",
                "sha256:0bcfadea3cdc68e678d2b20cb16a16716887dd00a881e16f7d806c2138b8ff0c",
                "sha256:0d6b2fa86becfa81f0a0271ccb9eb127ad45fb597733a77b92e8a35e53414914",
                "sha256:0f2cfae0688fd01f7056a17367e3b84f37c545fb447d7282cf2c242b16262607",
                "sha256:106b7b5d2977b339f1e97efe2778e2ab20e99994cbb0ec5e55771ed0795920c8",
                "sha256:133f3493253a00db2c870d3740bc458ebb7d937bd0a6a4f9328373e0db305709",
                "sha256:136bf638d92848a939fd8f0e06fcf92d9f2e4b57969d94faae27c55f3d85c05b",
                "sha256:155e1a5693cf4b55af652f5c0f78ef36596c7f680ff3ec6eb4d7d85367259b2c",
                "sha256:1637fa31ec682cd5760092adfabe86d9b718a75d43e65e211d5931809bc111e7",
                "sha256:172d65f7c72a35a6879217bcdb4bb11bc88d55fb4879e7569f55616062d387c2",
                "sha256:17b5d7f8acf809465086d498d62a981fa6a56d2718135bb0e4aa48c502055f5c",
                "sha256:198bb4b4dd888e8390afa4f170d4fa28467a7eaf857f1952589f16cfbb67af27",
                "sha256:1b6f92e35e2658a5ed51c6634ceb5ddae32053182851d8cad2a5bc102a359b33",
                "sha256:1b92fe86e04f680b848fff594a908edfa72b31bfc3499ef7433790c11d4c8cd8",
                "sha256:1bcc211542f7af6f2dfb705f5f8b74e865592778e6cafdfd19c792c244ccce19",
                "sha256:1c93ed3c998ea8472be98fb55aed65b5198740bfceaec07b2eba551e55b7b9ae",
                "sha256:203b1d3eaebd34277be06a3eb880050f18a4e4d60861efba4fb946e31071a295",
                "sha256:22ec2b3c191f43ed21f9545e9df94c37c6b49a5af0a874008ddc9132d49a2d9c",
                "sha256:231cf4d140b22a923b1d0a0a4e0b4f972e5893efcdec188934cc65888fd0227b",
                "sha256:236610b77589faf462337b3305a1be91756c8abc5a45ff7ca8f245a71c5dab70",
                "sha256:29bfc8d3d88e56ea0a27e7c4897b642706840247f59f4377d81be8f32aa0cfbf",
                "sha256:2b8969dbc8d09d9cd2ae06362c3bad27d03f433252601ef658a49bd9f2b22d79",
                "sha256:2dd0b80ac2d8f13ffc906123a6f20b459cb50a99222d0da492360512f3e50f84",
                "sha256:2df7ed5edeb6bd5590914cd61df76eb6cce9d590ed04ec7c183cf5509f73530d",
                "sha256:2e4a570f6a99e96c457f7bec5ad459c9c420ee80b99eb04cbfcfe3fc18ec6423",
                "sha256:2f1be45d4c15f237209bbf123a0e05b5d630c8717c42f59f31ea9eae2ad89394",
                "sha256:2f23cf50eccb3255b6e913188291af0150d89dab44137a69e14e4dcb7be981f1",
                "sha256:3031e4c16b59424e8d78522c69b062d301d951dc55ad8685736c3335a97fc270",
                "sha256:33e06717c00c788ab4e79bc4726ecc50c54b9bfb55355eae21473c145d83c2d2",
                "sha256:364de8f57d6eda0c16dcfb999af902da31396949efa0e583e12675d09709881b",
                "sha256:3715cdf0dd31b836433af9ee9197af10e3df41d273c19bb249230043667a5dfd",
                "sha256:3bb8149840daf2c3f97cebf00e4ed4a65a0baff888bf2605a8d0135ff5cf764e",
                "sha256:3c3c8b55c7fc7b7e8877b9366568cc73d68b82da7fe33d8b98527b73857a225f",
                "sha256:3d68eeef7b4d08a25e51897dac29bcb62aba830e9ac6c4e3297ee7c6a0cf6439",
                "sha256:3dddf0fb832486cc1ea71d189cb92eb887826e8deebe128884e15020bb6e3f61",
                "sha256:3edbb9c9130bac05d8c3fe150c51c337a471cc7fdb6d2a0a7d3a88e88a829314",
                "sha256:3effe081b3135237da6e4c4530ff2a868d3f80be0bda027e118a5971285d42d0",
                "sha256:422c179022ecdedbe58b0e242607198580804253da220e9454ffe848daa1cfd2",
                "sha256:42978a68d3825eaac55399eb37a4d52012a205c0c6262199b8b44fcc6fd686e8",
                "sha256:4399b4226c4785575fb20998dc571bc48125dc92c367ce2602d0d70e0c455eb0",
                "sha256:45fbb70ccbc8683f2fb58bea89498a7274af1d9ec7995e9f4af5604e028233fc",
                "sha256:4867361c049761a56bd21de507cab2c2a608c55102311d142ade7dab67b34f32",
                "sha256:48fd46bf7155def2e15287c6f2b133a2f78e2d22cdf55647269977b873c65499",
                "sha256:4b0d5cdba1b655d5b18042ac9c9ff50bda33568eb80feaaca4fc237b9c4fbfde",
                "sha256:4df0ec814b50275ad6a99bc82a38b59f90e10e47714ac9871e1b223895825468",
                "sha256:4e52e1b148867b01c05e21837586ee307a01e793b94072d7c7b91d2c2da02ffe",
                "sha256:514fe78fc4b87e7a7601c92492210b20a1b0c6ab20e71e81307d9c2e377c64de",
                "sha256:524ccfded8989a6595dbdda80d779fb977dbc9a7bc458864fc9a0c2fc15dc877",
                "sha256:528f3a0498a8edc69af0559bdcf8a9f5a8bf7c00051a6ef3141fdcf27017bbf5",
                "sha256:52d82b0d436edd6a1d22d94a344b9a58abd6c68c357ed44f22d4ba8179b37629",
                "sha256:5412500e0dc5481b1ee9cf6b38bb3b473f6e411eb62b83dc9b62699c3b7b79f7",
                "sha256:585c4dc429deebc4307187d2b71ebe914843185ae16a4d582ee030e6cfbb4d8a",
                "sha256:5865b270b420eda7b68928d70bb517ccbe045e53b1a428129bb44372bf3d7dd5",
                "sha256:5881aaa4bf3a2d086c5f20371d3a5856199a0d8ac72dd8d0dbd7a2ecfc26ab73",
                "sha256:5885bc586f1edb48e5d68e7a4b4757b5feb2a496b64f462b4d65950f5af3364f",
                "sha256:5a11b16a33656ffc43c92a5343a28dc71eefe460bcc2a4923a96f292692709f6",
                "sha256:5a997b784a639e05b9d4053ef3b20c7e447ea80814a762f25b8ed5a89d261eac",
                "sha256:5be8f5e4044146a69c96077c7e08f0709c13a314aa5315981185c1f00235fe65",
                "sha256:63d57fc94eb0bbb4735e45517afc21ef262991d8758a8f2f05dd6e4174944519",
                "sha256:673b9d8e780f455091200bba8534d5f4f465944cbdd61f31dc832d70e29064a5",
                "sha256:67d2f8ad9dcc3a9e826bdc7802ed541a44e124c29b7d95a679eeb58c1c14ade8",
                "sha256:67f5e80adf0aafc7b5454f2c1cb0cde920c9b1f2cbd0485f07cc1d0497c35c5d",
                "sha256:68018c4c67d7e89951a91fbd371e2e34cd8cfc71f0bb43b5332db38497025d51",
                "sha256:6c4dd3bfd0c82400060896717dd261137398edb7e524527438c54a8c34f736bf",
                "sha256:71f31eda4e370f46af42fc9f264fafa1b09f46ba07bdbee98f25689a04b81c20",
                "sha256:7512b4d0fc5339d5abbb14d1843f70499cab90d0b864f790e73f780f041615d7",
                "sha256:75fa3d6946d317ffc7016a6fcc44f42db6d514b7fdb8b4b28cbe058303cb6e53",
                "sha256:779e851fd0e19795ccc8a9bb4d705d6baa0ef475329fe44a13cf1e962f18ff1e",
                "sha256:796520afa499732191e39fc95b56a3b07f95256f2d22b1c26e217fb69a9db5b5",
                "sha256:7aae7a3d63b935babfdc6864b31196afd5145878ddd22f5200729006366bc4d5",
                "sha256:7b82e67c5feb682dbb559c3e6b78355f234943053af61606af126df2183b9ef9",
                "sha256:7c0536bd9178f754b277a3e53f90f9c9454a3bd108b1531ffff720e082d824f2",
                "sha256:7eda194dd46e40ec745bf76795a7cccb02a6a41f445ad49d3cf66518b0bd9cff",
                "sha256:82a4bb10b0beef1434fb23a09f001ab5ca87895596b4581fd53f1e5145a8934a",
                "sha256:85c4f11be9cf08917ac2a5a8b6e1ef63b2f8e3799cec194417e76826e5f1de9c",
                "sha256:88b72eb7222d918c967202024812c2bfb4048deeb69ca328363fb8e15254c549",
                "sha256:89934f9f791566e54c1d92cdc8f8fd0009447a5ecdb1ec6b810d5f8c4955f6be",
                "sha256:8b1942b3e4ed9ed551ed3083a2e6e0772de1e5e3aca872d955e2e86385fb7ff9",
                "sha256:8ffb141361108e864ab5f1813f66e4e1164181227f9b1f105b042729b6c15125",
                "sha256:8fffc08de02071c37865a155e5ea5fce0282e1546fd5bde7f6149fcaa32558ac",
                "sha256:91fb6a43d72b4f8863d21f347a9163eecbf36e76e2f51068d59cd004c506f332",
                "sha256:928e75a7200a4c09e6efc7482a1337919cc61fe1ba289f297827a5b76d8969c2",
                "sha256:96eef5b9f336f623ffc555ab47a775495e7e8846dde88de5f941e2906453a1ce",
                "sha256:a0611da6b07dd3720f492db1b463a4d1175b096b49438761cc9f35f0d9eaaef5",
                "sha256:a091026c3bf7519ab1e64655a3f52a59ad4a4e019a6f830c24d6430695b1cf6a",
                "sha256:a22f66270bd6d0804b02cd49dae2b33d4341015545d17f8426f2c4e22f557a23",
                "sha256:a243132767150a44e6a93cd1dde41010036e1cbc63cc3e9fe1712b277d926ce3",
                "sha256:a31fa7536ec1fb7155a0cd3a4e3d956c835ad0a43e3610ca32384d01f079ea1c",
                "sha256:a364e8e944d92dcbf33b6b494d4e0fb3499dcc3bd9485beb701aa4b4201fa414",
                "sha256:a4058f16cee694577f7e4dd410263cd0ef75644b43802a689c2b3c2a7e69453b",
                "sha256:a4b382e0e636ed54cd278791d93fe2c4f370772743f02bcbe431a160089025c9",
                "sha256:a83d3adea1e0ee36dac34627f78ddd7f093bb9cfc0a8e97f1572a949b695cb98",
                "sha256:a8ade0363f776f87f982572c2860cc43c65ace208db49c76df0a21dde4ddd16e",
                "sha256:aa59974880ab5ad8ef3afaa26f9bda148c5f39e06b11a8ada4660ecc9fb2feb3",
                "sha256:aa826340a609d0c954ba52fd831f0fba2a4165659ab0ee1a15e4aac21f302406",
                "sha256:aaca5a812f050ab55426c32177091130b1e49329b3f002a32934cd0245571307",
                "sha256:ae82fce1d964f065c32c9517309f0c7be588772352d2f40b1574a214bd6e6098",
                "sha256:aed57b541b589fa05ac248f4cb1c46cbb432ab82cbd467d1c4f6a2bdc18aecf9",
                "sha256:afa578b6524ff85fb365f454cf61683771d0170470c48ad9d170c48075f86725",
                "sha256:b0884e3f22d87c30694e625b1e62e6f30d39782c806287450d9dc2fdf07692fd",
                "sha256:b2aca14c235c7a08558fe0a4786a1a05873a01e86b474dfa8f6df49101853a4e",
                "sha256:b450d7cabcd49aa7ab46a3c6aa3ac7e1593600a1a0605ba536ec0f1b99a04322",
                "sha256:b725e70d15906d24615201e650d5b0388b08a5187a55f119f25874d0103f90dd",
                "sha256:bfbbab9316330cf81656fed435311386610f78b6c93cc5db4bebbce8dd146675",
                "sha256:c093c7088b40d8266f57ed71d93112bd64c6724d31f0794c1e52cc4857c28e0e",
                "sha256:c2e49dc23a10a1296b04ca9db200c44d3eb32c8d8ec532e8c1fd24792276522a",
                "sha256:c4393600915c308e546dc7003d74371744234e8444a28622d76fe19b98fa59d1",
                "sha256:c5ae125276f254b01daa73e2c103363d3e99e3e10505686ac7d9d2442dd4627a",
                "sha256:c6aacf00d05b38a5069826e50ae72751cb5bc27bdc4d5746203988e429b385bb",
                "sha256:c76722b5ed4a31ba103e0dc77ab869222ec36efe1a614e42e9bcea88a36186fe",
                "sha256:c809eef167bf4a57af4b03007004896f5c60bd38dc3852fcd97a26eae3d4c9e6",
                "sha256:c92ea6d9dd84a750b2bae72ff5e8cf5fdd13e58dda79c33e057862c29a8d5b50",
                "sha256:cb659702a45136c743bc130760c6f137870d4df3a9e14386478b8a0511abcfca",
                "sha256:ce0930a963ff593e8bb6fda49a503911accc67dee7e5445eec972668e672a0f0",
                "sha256:d0751528b97d2b19a388b302be2a0ee05817097bab46ff0ed76feeec24951f78",
                "sha256:d184f85ad2bb1f261eac55cddfcf62a70dee89982c978e92b9a74a1bfef2e367",
                "sha256:d2a3e412ce1849be34b45922bfef03df32d1410a06d1cdeb793a343c2f1fd666",
                "sha256:d61ec60945d694df806a9aec88e8f29a27293c6e424f8ff91c80416e3c617645",
                "sha256:db0c742aad702fd5d0c6611a73f9602f20aec2007c102630c06d7633d9c8f09a",
                "sha256:db4743e30d6f5f92b6d2b7c86b3ad250e0bad8dee4b7ad8a0c44bfb276af89a3",
                "sha256:dbf7bebc2275016cddf3c997bf8a0f7044160714c64a9b83975670a04e6d2252",
                "sha256:de1fc314c3ad6bc2f6bd5b5a5b9357b8c6896333d27fdbb7049aea8bd5af2d79",
                "sha256:df7e5edac4778127f2bf452e0721a58a1cfa4d1d9eac63bdd650535eb8543615",
                "sha256:e220f7b3e8656ab063d2eb0cd536fafef396829cafe04cb314e734f87649058f",
                "sha256:e3c623923967f3e5961d272718655946e5322b8d058e094764180cdee7bab1af",
                "sha256:e69add9b6b7b08c60d7ff0152c7c9a6c45b4a71a919be5abde6f98f1ea16421c",
                "sha256:e8e0d177b1fe251c3b1b914ab64135475c5273c8cfd2857964b2e3bb0fe196a7",
                "sha256:ef45f31aec9be01379fc6c10f1d9c677f032f2bac9383c827d44f620e8a88407",
                "sha256:f1208c1c67ec9e151d78aa3435aa9b08a488b53d9cfac9b699f15255a3461ef2",
                "sha256:f12582b8d3b4c6be1d298c49cb7ae64a3a73efaf4c2ab4e37db182e3545815ac",
                "sha256:f1de541a9893cf8a1b1db9bf0bf670a2decab42e3e82233d36a74eda7822b4c9",
                "sha256:f4eac0584cdc3285ef2e74eee1513a6001681fd9753b259e8159421ed28a72e5",
                "sha256:f7b64fcd670bca8800bc10ced36620c6bbb321e7bc1214b9c0c0df269c1dddc2",
                "sha256:fb7c61d4be18e930f75948705e9718618862e6fc2ed0d7159b2262be73f167a2"
            ],
            "index": "pypi",
            "markers": "python_version >= '3.6'",
            "version": "==5.3.1"
        },
        "markdown": {
            "hashes": [
                "sha256:065fd4df22da73a625f14890dd77eb8040edcbd68794bcd35943be14490608b2",
                "sha256:8bf101198e004dc93e84a12a7395e31aac6a9c9942848ae1d99b9d72cf9b3520"
            ],
            "index": "pypi",
            "version": "==3.4.3"
        },
        "markupsafe": {
            "hashes": [
                "sha256:0bff5e0ae4ef2e1ae4fdf2dfd5b76c75e5c2fa4132d05fc1b0dabcd20c7e28c4",
                "sha256:0f4ca02bea9a23221c0182836703cbf8930c5e9454bacce27e767509fa286a30",
                "sha256:1225beacc926f536dc82e45f8a4d68502949dc67eea90eab715dea3a21c1b5f0",
                "sha256:131a3c7689c85f5ad20f9f6fb1b866f402c445b220c19fe4308c0b147ccd2ad9",
                "sha256:15ab75ef81add55874e7ab7055e9c397312385bd9ced94920f2802310c930396",
                "sha256:1a9d3f5f0901fdec14d8d2f66ef7d035f2157240a433441719ac9a3fba440b13",
                "sha256:1c99d261bd2d5f6b59325c92c73df481e05e57f19837bdca8413b9eac4bd8028",
                "sha256:1e084f686b92e5b83186b07e8a17fc09e38fff551f3602b249881fec658d3eca",
                "sha256:2181e67807fc2fa785d0592dc2d6206c019b9502410671cc905d132a92866557",
                "sha256:2cb8438c3cbb25e220c2ab33bb226559e7afb3baec11c4f218ffa7308603c832",
                "sha256:3169b1eefae027567d1ce6ee7cae382c57fe26e82775f460f0b2778beaad66c0",
                "sha256:3809ede931876f5b2ec92eef964286840ed3540dadf803dd570c3b7e13141a3b",
                "sha256:38a9ef736c01fccdd6600705b09dc574584b89bea478200c5fbf112a6b0d5579",
                "sha256:3d79d162e7be8f996986c064d1c7c817f6df3a77fe3d6859f6f9e7be4b8c213a",
                "sha256:444dcda765c8a838eaae23112db52f1efaf750daddb2d9ca300bcae1039adc5c",
                "sha256:48032821bbdf20f5799ff537c7ac3d1fba0ba032cfc06194faffa8cda8b560ff",
                "sha256:4aa4e5faecf353ed117801a068ebab7b7e09ffb6e1d5e412dc852e0da018126c",
                "sha256:52305740fe773d09cffb16f8ed0427942901f00adedac82ec8b67752f58a1b22",
                "sha256:569511d3b58c8791ab4c2e1285575265991e6d8f8700c7be0e88f86cb0672094",
                "sha256:57cb5a3cf367aeb1d316576250f65edec5bb3be939e9247ae594b4bcbc317dfb",
                "sha256:5b02fb34468b6aaa40dfc198d813a641e3a63b98c2b05a16b9f80b7ec314185e",
                "sha256:6381026f158fdb7c72a168278597a5e3a5222e83ea18f543112b2662a9b699c5",
                "sha256:6af100e168aa82a50e186c82875a5893c5597a0c1ccdb0d8b40240b1f28b969a",
                "sha256:6c89876f41da747c8d3677a2b540fb32ef5715f97b66eeb0c6b66f5e3ef6f59d",
                "sha256:6e296a513ca3d94054c2c881cc913116e90fd030ad1c656b3869762b754f5f8a",
                "sha256:70a87b411535ccad5ef2f1df5136506a10775d267e197e4cf531ced10537bd6b",
                "sha256:7e94c425039cde14257288fd61dcfb01963e658efbc0ff54f5306b06054700f8",
                "sha256:846ade7b71e3536c4e56b386c2a47adf5741d2d8b94ec9dc3e92e5e1ee1e2225",
                "sha256:88416bd1e65dcea10bc7569faacb2c20ce071dd1f87539ca2ab364bf6231393c",
                "sha256:88b49a3b9ff31e19998750c38e030fc7bb937398b1f78cfa599aaef92d693144",
                "sha256:8c4e8c3ce11e1f92f6536ff07154f9d49677ebaaafc32db9db4620bc11ed480f",
                "sha256:8e06879fc22a25ca47312fbe7c8264eb0b662f6db27cb2d3bbbc74b1df4b9b87",
                "sha256:9025b4018f3a1314059769c7bf15441064b2207cb3f065e6ea1e7359cb46db9d",
                "sha256:93335ca3812df2f366e80509ae119189886b0f3c2b81325d39efdb84a1e2ae93",
                "sha256:9778bd8ab0a994ebf6f84c2b949e65736d5575320a17ae8984a77fab08db94cf",
                "sha256:9e2d922824181480953426608b81967de705c3cef4d1af983af849d7bd619158",
                "sha256:a123e330ef0853c6e822384873bef7507557d8e4a082961e1defa947aa59ba84",
                "sha256:a904af0a6162c73e3edcb969eeeb53a63ceeb5d8cf642fade7d39e7963a22ddb",
                "sha256:ad10d3ded218f1039f11a75f8091880239651b52e9bb592ca27de44eed242a48",
                "sha256:b424c77b206d63d500bcb69fa55ed8d0e6a3774056bdc4839fc9298a7edca171",
                "sha256:b5a6b3ada725cea8a5e634536b1b01c30bcdcd7f9c6fff4151548d5bf6b3a36c",
                "sha256:ba8062ed2cf21c07a9e295d5b8a2a5ce678b913b45fdf68c32d95d6c1291e0b6",
                "sha256:ba9527cdd4c926ed0760bc301f6728ef34d841f405abf9d4f959c478421e4efd",
                "sha256:bbcb445fa71794da8f178f0f6d66789a28d7319071af7a496d4d507ed566270d",
                "sha256:bcf3e58998965654fdaff38e58584d8937aa3096ab5354d493c77d1fdd66d7a1",
                "sha256:c0ef13eaeee5b615fb07c9a7dadb38eac06a0608b41570d8ade51c56539e509d",
                "sha256:cabc348d87e913db6ab4aa100f01b08f481097838bdddf7c7a84b7575b7309ca",
                "sha256:cdb82a876c47801bb54a690c5ae105a46b392ac6099881cdfb9f6e95e4014c6a",
                "sha256:cfad01eed2c2e0c01fd0ecd2ef42c492f7f93902e39a42fc9ee1692961443a29",
                "sha256:d16a81a06776313e817c951135cf7340a3e91e8c1ff2fac444cfd75fffa04afe",
                "sha256:d8213e09c917a951de9d09ecee036d5c7d36cb6cb7dbaece4c71a60d79fb9798",
                "sha256:e07c3764494e3776c602c1e78e298937c3315ccc9043ead7e685b7f2b8d47b3c",
                "sha256:e17c96c14e19278594aa4841ec148115f9c7615a47382ecb6b82bd8fea3ab0c8",
                "sha256:e444a31f8db13eb18ada366ab3cf45fd4b31e4db1236a4448f68778c1d1a5a2f",
                "sha256:e6a2a455bd412959b57a172ce6328d2dd1f01cb2135efda2e4576e8a23fa3b0f",
                "sha256:eaa0a10b7f72326f1372a713e73c3f739b524b3af41feb43e4921cb529f5929a",
                "sha256:eb7972a85c54febfb25b5c4b4f3af4dcc731994c7da0d8a0b4a6eb0640e1d178",
                "sha256:ee55d3edf80167e48ea11a923c7386f4669df67d7994554387f84e7d8b0a2bf0",
                "sha256:f3818cb119498c0678015754eba762e0d61e5b52d34c8b13d770f0719f7b1d79",
                "sha256:f8b3d067f2e40fe93e1ccdd6b2e1d16c43140e76f02fb1319a05cf2b79d99430",
                "sha256:fcabf5ff6eea076f859677f5f0b6b5c1a51e70a376b0579e0eadef8db48c6b50"
            ],
            "markers": "python_version >= '3.9'",
            "version": "==3.0.2"
        },
        "pkgutil-resolve-name": {
            "hashes": [
                "sha256:357d6c9e6a755653cfd78893817c0853af365dd51ec97f3d358a819373bbd174",
                "sha256:ca27cc078d25c5ad71a9de0a7a330146c4e014c2462d9af19c6b828280649c5e"
            ],
            "markers": "python_version < '3.9'",
            "version": "==1.3.10"
        },
        "pyyaml": {
            "hashes": [
                "sha256:062582fca9fabdd2c8b54a3ef1c978d786e0f6b3a1510e0ac93ef59e0ddae2bc",
                "sha256:1635fd110e8d85d55237ab316b5b011de701ea0f29d07611174a1b42f1444741",
                "sha256:184c5108a2aca3c5b3d3bf9395d50893a7ab82a38004c8f61c258d4428e80206",
                "sha256:18aeb1bf9a78867dc38b259769503436b7c72f7a1f1f4c93ff9a17de54319b27",
                "sha256:1d4c7e777c441b20e32f52bd377e0c409713e8bb1386e1099c2415f26e479595",
                "sha256:1e2722cc9fbb45d9b87631ac70924c11d3a401b2d7f410cc0e3bbf249f2dca62",
                "sha256:1fe35611261b29bd1de0070f0b2f47cb6ff71fa6595c077e42bd0c419fa27b98",
                "sha256:28c119d996beec18c05208a8bd78cbe4007878c6dd15091efb73a30e90539696",
                "sha256:42f8152b8dbc4fe7d96729ec2b99c7097d656dc1213a3229ca5383f973a5ed6d",
                "sha256:4fb147e7a67ef577a588a0e2c17b6db51dda102c71de36f8549b6816a96e1867",
                "sha256:50550eb667afee136e9a77d6dc71ae76a44df8b3e51e41b77f6de2932bfe0f47",
                "sha256:510c9deebc5c0225e8c96813043e62b680ba2f9c50a08d3724c7f28a747d1486",
                "sha256:5773183b6446b2c99bb77e77595dd486303b4faab2b086e7b17bc6bef28865f6",
                "sha256:596106435fa6ad000c2991a98fa58eeb8656ef2325d7e158344fb33864ed87e3",
                "sha256:6965a7bc3cf88e5a1c3bd2e0b5c22f8d677dc88a455344035f03399034eb3007",
                "sha256:69b023b2b4daa7548bcfbd4aa3da05b3a74b772db9e23b982788168117739938",
                "sha256:704219a11b772aea0d8ecd7058d0082713c3562b4e271b849ad7dc4a5c90c13c",
                "sha256:7e07cbde391ba96ab58e532ff4803f79c4129397514e1413a7dc761ccd755735",
                "sha256:81e0b275a9ecc9c0c0c07b4b90ba548307583c125f54d5b6946cfee6360c733d",
                "sha256:9046c58c4395dff28dd494285c82ba00b546adfc7ef001486fbf0324bc174fba",
                "sha256:9eb6caa9a297fc2c2fb8862bc5370d0303ddba53ba97e71f08023b6cd73d16a8",
                "sha256:a0cd17c15d3bb3fa06978b4e8958dcdc6e0174ccea823003a106c7d4d7899ac5",
                "sha256:afd7e57eddb1a54f0f1a974bc4391af8bcce0b444685d936840f125cf046d5bd",
                "sha256:b1275ad35a5d18c62a7220633c913e1b42d44b46ee12554e5fd39c70a243d6a3",
                "sha256:b786eecbdf8499b9ca1d697215862083bd6d2a99965554781d0d8d1ad31e13a0",
                "sha256:ba336e390cd8e4d1739f42dfe9bb83a3cc2e80f567d8805e11b46f4a943f5515",
                "sha256:baa90d3f661d43131ca170712d903e6295d1f7a0f595074f151c0aed377c9b9c",
                "sha256:bc1bf2925a1ecd43da378f4db9e4f799775d6367bdb94671027b73b393a7c42c",
                "sha256:bd4af7373a854424dabd882decdc5579653d7868b8fb26dc7d0e99f823aa5924",
                "sha256:bf07ee2fef7014951eeb99f56f39c9bb4af143d8aa3c21b1677805985307da34",
                "sha256:bfdf460b1736c775f2ba9f6a92bca30bc2095067b8a9d77876d1fad6cc3b4a43",
                "sha256:c8098ddcc2a85b61647b2590f825f3db38891662cfc2fc776415143f599bb859",
                "sha256:d2b04aac4d386b172d5b9692e2d2da8de7bfb6c387fa4f801fbf6fb2e6ba4673",
                "sha256:d858aa552c999bc8a8d57426ed01e40bef403cd8ccdd0fc5f6f04a00414cac2a",
                "sha256:f003ed9ad21d6a4713f0a9b5a7a0a79e08dd0f221aff4525a2be4c346ee60aab",
                "sha256:f22ac1c3cac4dbc50079e965eba2c1058622631e526bd9afd45fedd49ba781fa",
                "sha256:faca3bdcf85b2fc05d06ff3fbc1f83e1391b3e724afa3feba7d13eeab355484c",
                "sha256:fca0e3a251908a499833aa292323f32437106001d436eca0e6e7833256674585",
                "sha256:fd1592b3fdf65fff2ad0004b5e363300ef59ced41c2e6b3a99d4089fa8c5435d",
                "sha256:fd66fc5d0da6d9815ba2cebeb4205f95818ff4b79c3ebe268e75d961704af52f"
            ],
            "index": "pypi",
            "version": "==6.0.1"
        },
        "referencing": {
            "hashes": [
                "sha256:47237742e990457f7512c7d27486394a9aadaf876cbfaa4be65b27b4f4d47c6b",
                "sha256:c257b08a399b6c2f5a3510a50d28ab5dbc7bbde049bcaf954d43c446f83ab548"
            ],
            "markers": "python_version >= '3.8'",
            "version": "==0.30.0"
        },
        "rpds-py": {
            "hashes": [
                "sha256:0173c0444bec0a3d7d848eaeca2d8bd32a1b43f3d3fde6617aac3731fa4be05f",
                "sha256:01899794b654e616c8625b194ddd1e5b51ef5b60ed61baa7a2d9c2ad7b2a4238",
                "sha256:02938432352359805b6da099c9c95c8a0547fe4b274ce8f1a91677401bb9a45f",
                "sha256:03421628f0dc10a4119d714a17f646e2837126a25ac7a256bdf7c3943400f67f",
                "sha256:03975db5f103997904c37e804e5f340c8fdabbb5883f26ee50a255d664eed58c",
                "sha256:0766babfcf941db8607bdaf82569ec38107dbb03c7f0b72604a0b346b6eb3298",
                "sha256:07e2c54bef6838fa44c48dfbc8234e8e2466d851124b551fc4e07a1cfeb37260",
                "sha256:0836d71ca19071090d524739420a61580f3f894618d10b666cf3d9a1688355b1",
                "sha256:095b460e117685867d45548fbd8598a8d9999227e9061ee7f012d9d264e6048d",
                "sha256:0e7521f5af0233e89939ad626b15278c71b69dc1dfccaa7b97bd4cdf96536bb7",
                "sha256:0f2996fbac8e0b77fd67102becb9229986396e051f33dbceada3debaacc7033f",
                "sha256:1054a08e818f8e18910f1bee731583fe8f899b0a0a5044c6e680ceea34f93876",
                "sha256:13b602dc3e8dff3063734f02dcf05111e887f301fdda74151a93dbbc249930fe",
                "sha256:141acb9d4ccc04e704e5992d35472f78c35af047fa0cfae2923835d153f091be",
                "sha256:14c408e9d1a80dcb45c05a5149e5961aadb912fff42ca1dd9b68c0044904eb32",
                "sha256:159fba751a1e6b1c69244e23ba6c28f879a8758a3e992ed056d86d74a194a0f3",
                "sha256:190ca6f55042ea4649ed19c9093a9be9d63cd8a97880106747d7147f88a49d18",
                "sha256:196cb208825a8b9c8fc360dc0f87993b8b260038615230242bf18ec84447c08d",
                "sha256:1fcdee18fea97238ed17ab6478c66b2095e4ae7177e35fb71fbe561a27adf620",
                "sha256:207f57c402d1f8712618f737356e4b6f35253b6d20a324d9a47cb9f38ee43a6b",
                "sha256:24a81c177379300220e907e9b864107614b144f6c2a15ed5c3450e19cf536fae",
                "sha256:29cd8bfb2d716366a035913ced99188a79b623a3512292963d84d3e06e63b496",
                "sha256:2d8b3b3a2ce0eaa00c5bbbb60b6713e94e7e0becab7b3db6c5c77f979e8ed1f1",
                "sha256:35da5cc5cb37c04c4ee03128ad59b8c3941a1e5cd398d78c37f716f32a9b7f67",
                "sha256:44659b1f326214950a8204a248ca6199535e73a694be8d3e0e869f820767f12f",
                "sha256:47c5f58a8e0c2c920cc7783113df2fc4ff12bf3a411d985012f145e9242a2764",
                "sha256:4bd4dc3602370679c2dfb818d9c97b1137d4dd412230cfecd3c66a1bf388a196",
                "sha256:4ea6b73c22d8182dff91155af018b11aac9ff7eca085750455c5990cb1cfae6e",
                "sha256:50025635ba8b629a86d9d5474e650da304cb46bbb4d18690532dd79341467846",
                "sha256:517cbf6e67ae3623c5127206489d69eb2bdb27239a3c3cc559350ef52a3bbf0b",
                "sha256:5855c85eb8b8a968a74dc7fb014c9166a05e7e7a8377fb91d78512900aadd13d",
                "sha256:5a46859d7f947061b4010e554ccd1791467d1b1759f2dc2ec9055fa239f1bc26",
                "sha256:65a0583c43d9f22cb2130c7b110e695fff834fd5e832a776a107197e59a1898e",
                "sha256:674c704605092e3ebbbd13687b09c9f78c362a4bc710343efe37a91457123044",
                "sha256:682726178138ea45a0766907957b60f3a1bf3acdf212436be9733f28b6c5af3c",
                "sha256:686ba516e02db6d6f8c279d1641f7067ebb5dc58b1d0536c4aaebb7bf01cdc5d",
                "sha256:6a5d3fbd02efd9cf6a8ffc2f17b53a33542f6b154e88dd7b42ef4a4c0700fdad",
                "sha256:6aa8326a4a608e1c28da191edd7c924dff445251b94653988efb059b16577a4d",
                "sha256:700375326ed641f3d9d32060a91513ad668bcb7e2cffb18415c399acb25de2ab",
                "sha256:71f2f7715935a61fa3e4ae91d91b67e571aeb5cb5d10331ab681256bda2ad920",
                "sha256:745f5a43fdd7d6d25a53ab1a99979e7f8ea419dfefebcab0a5a1e9095490ee5e",
                "sha256:79f594919d2c1a0cc17d1988a6adaf9a2f000d2e1048f71f298b056b1018e872",
                "sha256:7d68dc8acded354c972116f59b5eb2e5864432948e098c19fe6994926d8e15c3",
                "sha256:7f67da97f5b9eac838b6980fc6da268622e91f8960e083a34533ca710bec8611",
                "sha256:83b32f0940adec65099f3b1c215ef7f1d025d13ff947975a055989cb7fd019a4",
                "sha256:876bf9ed62323bc7dcfc261dbc5572c996ef26fe6406b0ff985cbcf460fc8a4c",
                "sha256:890ba852c16ace6ed9f90e8670f2c1c178d96510a21b06d2fa12d8783a905193",
                "sha256:8b08605d248b974eb02f40bdcd1a35d3924c83a2a5e8f5d0fa5af852c4d960af",
                "sha256:8b2eb034c94b0b96d5eddb290b7b5198460e2d5d0c421751713953a9c4e47d10",
                "sha256:8b9ec12ad5f0a4625db34db7e0005be2632c1013b253a4a60e8302ad4d462afd",
                "sha256:8c8d7594e38cf98d8a7df25b440f684b510cf4627fe038c297a87496d10a174f",
                "sha256:8d3335c03100a073883857e91db9f2e0ef8a1cf42dc0369cbb9151c149dbbc1b",
                "sha256:8d70e8f14900f2657c249ea4def963bed86a29b81f81f5b76b5a9215680de945",
                "sha256:9039a11bca3c41be5a58282ed81ae422fa680409022b996032a43badef2a3752",
                "sha256:91378d9f4151adc223d584489591dbb79f78814c0734a7c3bfa9c9e09978121c",
                "sha256:9251eb8aa82e6cf88510530b29eef4fac825a2b709baf5b94a6094894f252387",
                "sha256:933a7d5cd4b84f959aedeb84f2030f0a01d63ae6cf256629af3081cf3e3426e8",
                "sha256:978fa96dbb005d599ec4fd9ed301b1cc45f1a8f7982d4793faf20b404b56677d",
                "sha256:987b06d1cdb28f88a42e4fb8a87f094e43f3c435ed8e486533aea0bf2e53d931",
                "sha256:99b1c16f732b3a9971406fbfe18468592c5a3529585a45a35adbc1389a529a03",
                "sha256:99e7c4bb27ff1aab90dcc3e9d37ee5af0231ed98d99cb6f5250de28889a3d502",
                "sha256:9c439fd54b2b9053717cca3de9583be6584b384d88d045f97d409f0ca867d80f",
                "sha256:9ea4d00850ef1e917815e59b078ecb338f6a8efda23369677c54a5825dbebb55",
                "sha256:9f30d205755566a25f2ae0382944fcae2f350500ae4df4e795efa9e850821d82",
                "sha256:a06418fe1155e72e16dddc68bb3780ae44cebb2912fbd8bb6ff9161de56e1798",
                "sha256:a0805911caedfe2736935250be5008b261f10a729a303f676d3d5fea6900c96a",
                "sha256:a1f044792e1adcea82468a72310c66a7f08728d72a244730d14880cd1dabe36b",
                "sha256:a216b26e5af0a8e265d4efd65d3bcec5fba6b26909014effe20cd302fd1138fa",
                "sha256:a987578ac5214f18b99d1f2a3851cba5b09f4a689818a106c23dbad0dfeb760f",
                "sha256:aad51239bee6bff6823bbbdc8ad85136c6125542bbc609e035ab98ca1e32a192",
                "sha256:ab2299e3f92aa5417d5e16bb45bb4586171c1327568f638e8453c9f8d9e0f020",
                "sha256:ab6919a09c055c9b092798ce18c6c4adf49d24d4d9e43a92b257e3f2548231e7",
                "sha256:b0c43f8ae8f6be1d605b0465671124aa8d6a0e40f1fb81dcea28b7e3d87ca1e1",
                "sha256:b1440c291db3f98a914e1afd9d6541e8fc60b4c3aab1a9008d03da4651e67386",
                "sha256:b52e7c5ae35b00566d244ffefba0f46bb6bec749a50412acf42b1c3f402e2c90",
                "sha256:bf4151acb541b6e895354f6ff9ac06995ad9e4175cbc6d30aaed08856558201f",
                "sha256:c27ee01a6c3223025f4badd533bea5e87c988cb0ba2811b690395dfe16088cfe",
                "sha256:c545d9d14d47be716495076b659db179206e3fd997769bc01e2d550eeb685596",
                "sha256:c5934e2833afeaf36bd1eadb57256239785f5af0220ed8d21c2896ec4d3a765f",
                "sha256:c7671d45530fcb6d5e22fd40c97e1e1e01965fc298cbda523bb640f3d923b387",
                "sha256:c861a7e4aef15ff91233751619ce3a3d2b9e5877e0fcd76f9ea4f6847183aa16",
                "sha256:d25b1c1096ef0447355f7293fbe9ad740f7c47ae032c2884113f8e87660d8f6e",
                "sha256:d55777a80f78dd09410bd84ff8c95ee05519f41113b2df90a69622f5540c4f8b",
                "sha256:d576c3ef8c7b2d560e301eb33891d1944d965a4d7a2eacb6332eee8a71827db6",
                "sha256:dd9da77c6ec1f258387957b754f0df60766ac23ed698b61941ba9acccd3284d1",
                "sha256:de0b6eceb46141984671802d412568d22c6bacc9b230174f9e55fc72ef4f57de",
                "sha256:e07e5dbf8a83c66783a9fe2d4566968ea8c161199680e8ad38d53e075df5f0d0",
                "sha256:e564d2238512c5ef5e9d79338ab77f1cbbda6c2d541ad41b2af445fb200385e3",
                "sha256:ed89861ee8c8c47d6beb742a602f912b1bb64f598b1e2f3d758948721d44d468",
                "sha256:ef1f08f2a924837e112cba2953e15aacfccbbfcd773b4b9b4723f8f2ddded08e",
                "sha256:f411330a6376fb50e5b7a3e66894e4a39e60ca2e17dce258d53768fea06a37bd",
                "sha256:f68996a3b3dc9335037f82754f9cdbe3a95db42bde571d8c3be26cc6245f2324",
                "sha256:f7fdf55283ad38c33e35e2855565361f4bf0abd02470b8ab28d499c663bc5d7c",
                "sha256:f963c6b1218b96db85fc37a9f0851eaf8b9040aa46dec112611697a7023da535",
                "sha256:fa2818759aba55df50592ecbc95ebcdc99917fa7b55cc6796235b04193eb3c55",
                "sha256:fae5cb554b604b3f9e2c608241b5d8d303e410d7dfb6d397c335f983495ce7f6",
                "sha256:fb39aca7a64ad0c9490adfa719dbeeb87d13be137ca189d2564e596f8ba32c07"
            ],
            "markers": "python_version >= '3.8'",
            "version": "==0.9.2"
        },
        "zipp": {
            "hashes": [
                "sha256:2828e64edb5386ea6a52e7ba7cdb17bb30a73a858f5eb6eb93d8d36f5ea26091",
                "sha256:35427f6d5594f4acf82d25541438348c26736fa9b3afa2754bcd63cdb99d8e8f"
            ],
            "index": "pypi",
            "markers": "python_version >= '3.8'",
            "version": "==3.19.1"
        }
    },
    "develop": {}
}
